
Microsoft Visual Studio Solution File, Format Version 12.00
# Visual Studio Version 17
VisualStudioVersion = 17.1.32228.430
MinimumVisualStudioVersion = 10.0.40219.1
Project("{2150E333-8FDC-42A3-9474-1A3956D46DE8}") = "DotNetCore", "DotNetCore", "{46E778DE-B8EA-48FB-BF65-5EA55FDC5347}"
EndProject
Project("{2150E333-8FDC-42A3-9474-1A3956D46DE8}") = "DotNetStandard", "DotNetStandard", "{01CC477D-DB1B-480B-B149-AFF1CCC70EB6}"
EndProject
Project("{2150E333-8FDC-42A3-9474-1A3956D46DE8}") = "DotNetFramework", "DotNetFramework", "{F8C14F17-ADD7-4B22-83EE-F177FEC5E0FA}"
EndProject
Project("{2150E333-8FDC-42A3-9474-1A3956D46DE8}") = "2.0", "2.0", "{4EFB6BAA-3E2C-4FB6-B17B-ED5F8AFD3139}"
EndProject
Project("{2150E333-8FDC-42A3-9474-1A3956D46DE8}") = "Blazor", "Blazor", "{27F167F9-A960-4BD1-AB5E-E5E8B24542C5}"
EndProject
Project("{9A19103F-16F7-4668-BE54-9A1E7A4F7556}") = "ToolBox", "ToolBox\ToolBox.csproj", "{2C960833-F8F7-48F4-98FD-4B3F54A8696C}"
EndProject
Project("{FAE04EC0-301F-11D3-BF4B-00C04F79EFBC}") = "DotNetFrameworkToolBox", "DotNetFrameworkToolBox\DotNetFrameworkToolBox.csproj", "{EBD89ED8-0B91-4AA2-A6F8-E84D27F3067C}"
EndProject
Project("{9A19103F-16F7-4668-BE54-9A1E7A4F7556}") = "ValidationAttributeLib", "ValidationAttributeLib\ValidationAttributeLib.csproj", "{BFB47E0E-5164-48FD-B3EF-BE3B12B8FBF0}"
EndProject
Project("{9A19103F-16F7-4668-BE54-9A1E7A4F7556}") = "LocalizationResource", "LocalizationResource\LocalizationResource.csproj", "{E89738E1-6449-4386-8C22-5E8B98ECB71C}"
EndProject
Global
	GlobalSection(SolutionConfigurationPlatforms) = preSolution
		Debug|Any CPU = Debug|Any CPU
		Debug|x86 = Debug|x86
		Release|Any CPU = Release|Any CPU
		Release|x86 = Release|x86
	EndGlobalSection
	GlobalSection(ProjectConfigurationPlatforms) = postSolution
		{2C960833-F8F7-48F4-98FD-4B3F54A8696C}.Debug|Any CPU.ActiveCfg = Debug|Any CPU
		{2C960833-F8F7-48F4-98FD-4B3F54A8696C}.Debug|Any CPU.Build.0 = Debug|Any CPU
		{2C960833-F8F7-48F4-98FD-4B3F54A8696C}.Debug|x86.ActiveCfg = Debug|Any CPU
		{2C960833-F8F7-48F4-98FD-4B3F54A8696C}.Debug|x86.Build.0 = Debug|Any CPU
		{2C960833-F8F7-48F4-98FD-4B3F54A8696C}.Release|Any CPU.ActiveCfg = Release|Any CPU
		{2C960833-F8F7-48F4-98FD-4B3F54A8696C}.Release|Any CPU.Build.0 = Release|Any CPU
		{2C960833-F8F7-48F4-98FD-4B3F54A8696C}.Release|x86.ActiveCfg = Release|Any CPU
		{2C960833-F8F7-48F4-98FD-4B3F54A8696C}.Release|x86.Build.0 = Release|Any CPU
		{EBD89ED8-0B91-4AA2-A6F8-E84D27F3067C}.Debug|Any CPU.ActiveCfg = Debug|Any CPU
		{EBD89ED8-0B91-4AA2-A6F8-E84D27F3067C}.Debug|Any CPU.Build.0 = Debug|Any CPU
		{EBD89ED8-0B91-4AA2-A6F8-E84D27F3067C}.Debug|x86.ActiveCfg = Debug|Any CPU
		{EBD89ED8-0B91-4AA2-A6F8-E84D27F3067C}.Debug|x86.Build.0 = Debug|Any CPU
		{EBD89ED8-0B91-4AA2-A6F8-E84D27F3067C}.Release|Any CPU.ActiveCfg = Release|Any CPU
		{EBD89ED8-0B91-4AA2-A6F8-E84D27F3067C}.Release|Any CPU.Build.0 = Release|Any CPU
		{EBD89ED8-0B91-4AA2-A6F8-E84D27F3067C}.Release|x86.ActiveCfg = Release|Any CPU
		{EBD89ED8-0B91-4AA2-A6F8-E84D27F3067C}.Release|x86.Build.0 = Release|Any CPU
		{BFB47E0E-5164-48FD-B3EF-BE3B12B8FBF0}.Debug|Any CPU.ActiveCfg = Debug|Any CPU
		{BFB47E0E-5164-48FD-B3EF-BE3B12B8FBF0}.Debug|Any CPU.Build.0 = Debug|Any CPU
		{BFB47E0E-5164-48FD-B3EF-BE3B12B8FBF0}.Debug|x86.ActiveCfg = Debug|Any CPU
		{BFB47E0E-5164-48FD-B3EF-BE3B12B8FBF0}.Debug|x86.Build.0 = Debug|Any CPU
		{BFB47E0E-5164-48FD-B3EF-BE3B12B8FBF0}.Release|Any CPU.ActiveCfg = Release|Any CPU
		{BFB47E0E-5164-48FD-B3EF-BE3B12B8FBF0}.Release|Any CPU.Build.0 = Release|Any CPU
		{BFB47E0E-5164-48FD-B3EF-BE3B12B8FBF0}.Release|x86.ActiveCfg = Release|Any CPU
		{BFB47E0E-5164-48FD-B3EF-BE3B12B8FBF0}.Release|x86.Build.0 = Release|Any CPU
		{E89738E1-6449-4386-8C22-5E8B98ECB71C}.Debug|Any CPU.ActiveCfg = Debug|Any CPU
		{E89738E1-6449-4386-8C22-5E8B98ECB71C}.Debug|Any CPU.Build.0 = Debug|Any CPU
		{E89738E1-6449-4386-8C22-5E8B98ECB71C}.Debug|x86.ActiveCfg = Debug|Any CPU
		{E89738E1-6449-4386-8C22-5E8B98ECB71C}.Debug|x86.Build.0 = Debug|Any CPU
		{E89738E1-6449-4386-8C22-5E8B98ECB71C}.Release|Any CPU.ActiveCfg = Release|Any CPU
		{E89738E1-6449-4386-8C22-5E8B98ECB71C}.Release|Any CPU.Build.0 = Release|Any CPU
		{E89738E1-6449-4386-8C22-5E8B98ECB71C}.Release|x86.ActiveCfg = Release|Any CPU
		{E89738E1-6449-4386-8C22-5E8B98ECB71C}.Release|x86.Build.0 = Release|Any CPU
	EndGlobalSection
	GlobalSection(SolutionProperties) = preSolution
		HideSolutionNode = FALSE
	EndGlobalSection
	GlobalSection(NestedProjects) = preSolution
		{4EFB6BAA-3E2C-4FB6-B17B-ED5F8AFD3139} = {01CC477D-DB1B-480B-B149-AFF1CCC70EB6}
		{27F167F9-A960-4BD1-AB5E-E5E8B24542C5} = {46E778DE-B8EA-48FB-BF65-5EA55FDC5347}
		{2C960833-F8F7-48F4-98FD-4B3F54A8696C} = {4EFB6BAA-3E2C-4FB6-B17B-ED5F8AFD3139}
		{EBD89ED8-0B91-4AA2-A6F8-E84D27F3067C} = {F8C14F17-ADD7-4B22-83EE-F177FEC5E0FA}
		{BFB47E0E-5164-48FD-B3EF-BE3B12B8FBF0} = {4EFB6BAA-3E2C-4FB6-B17B-ED5F8AFD3139}
		{E89738E1-6449-4386-8C22-5E8B98ECB71C} = {4EFB6BAA-3E2C-4FB6-B17B-ED5F8AFD3139}
	EndGlobalSection
	GlobalSection(ExtensibilityGlobals) = postSolution
		SolutionGuid = {B3D5AACD-C56E-4B17-B399-77380A291EF9}
		RESX_AutoCreateNewLanguageFiles = True
	EndGlobalSection
EndGlobal
