
Microsoft Visual Studio Solution File, Format Version 12.00
# Visual Studio Version 16
VisualStudioVersion = 16.0.29613.14
MinimumVisualStudioVersion = 10.0.40219.1
Project("{2150E333-8FDC-42A3-9474-1A3956D46DE8}") = "WebClientSide", "WebClientSide", "{7B2CC285-8167-4ACF-8DE9-3065A4B19FDD}"
EndProject
Project("{2150E333-8FDC-42A3-9474-1A3956D46DE8}") = "DotNetCore", "DotNetCore", "{46E778DE-B8EA-48FB-BF65-5EA55FDC5347}"
EndProject
Project("{2150E333-8FDC-42A3-9474-1A3956D46DE8}") = "DotNetStandard", "DotNetStandard", "{01CC477D-DB1B-480B-B149-AFF1CCC70EB6}"
EndProject
Project("{2150E333-8FDC-42A3-9474-1A3956D46DE8}") = "DotNetFramework", "DotNetFramework", "{F8C14F17-ADD7-4B22-83EE-F177FEC5E0FA}"
EndProject
Project("{FAE04EC0-301F-11D3-BF4B-00C04F79EFBC}") = "StaticWebApp", "StaticWebApp\StaticWebApp.csproj", "{5B3BDD6B-413F-4B40-990F-05CC372D3494}"
EndProject
Project("{2150E333-8FDC-42A3-9474-1A3956D46DE8}") = "2.0", "2.0", "{4EFB6BAA-3E2C-4FB6-B17B-ED5F8AFD3139}"
EndProject
Project("{2150E333-8FDC-42A3-9474-1A3956D46DE8}") = "2.1", "2.1", "{9DE46707-08A9-43FF-ACE0-A9FFDE5F718F}"
EndProject
Project("{2150E333-8FDC-42A3-9474-1A3956D46DE8}") = "Blazor", "Blazor", "{27F167F9-A960-4BD1-AB5E-E5E8B24542C5}"
EndProject
Project("{9A19103F-16F7-4668-BE54-9A1E7A4F7556}") = "ToolBox", "ToolBox\ToolBox.csproj", "{2C960833-F8F7-48F4-98FD-4B3F54A8696C}"
EndProject
Project("{FAE04EC0-301F-11D3-BF4B-00C04F79EFBC}") = "DotNetFrameworkToolBox", "DotNetFrameworkToolBox\DotNetFrameworkToolBox.csproj", "{EBD89ED8-0B91-4AA2-A6F8-E84D27F3067C}"
EndProject
Global
	GlobalSection(SolutionConfigurationPlatforms) = preSolution
		Debug|Any CPU = Debug|Any CPU
		Release|Any CPU = Release|Any CPU
	EndGlobalSection
	GlobalSection(ProjectConfigurationPlatforms) = postSolution
		{5B3BDD6B-413F-4B40-990F-05CC372D3494}.Debug|Any CPU.ActiveCfg = Debug|Any CPU
		{5B3BDD6B-413F-4B40-990F-05CC372D3494}.Debug|Any CPU.Build.0 = Debug|Any CPU
		{5B3BDD6B-413F-4B40-990F-05CC372D3494}.Release|Any CPU.ActiveCfg = Release|Any CPU
		{5B3BDD6B-413F-4B40-990F-05CC372D3494}.Release|Any CPU.Build.0 = Release|Any CPU
		{2C960833-F8F7-48F4-98FD-4B3F54A8696C}.Debug|Any CPU.ActiveCfg = Debug|Any CPU
		{2C960833-F8F7-48F4-98FD-4B3F54A8696C}.Debug|Any CPU.Build.0 = Debug|Any CPU
		{2C960833-F8F7-48F4-98FD-4B3F54A8696C}.Release|Any CPU.ActiveCfg = Release|Any CPU
		{2C960833-F8F7-48F4-98FD-4B3F54A8696C}.Release|Any CPU.Build.0 = Release|Any CPU
		{EBD89ED8-0B91-4AA2-A6F8-E84D27F3067C}.Debug|Any CPU.ActiveCfg = Debug|Any CPU
		{EBD89ED8-0B91-4AA2-A6F8-E84D27F3067C}.Debug|Any CPU.Build.0 = Debug|Any CPU
		{EBD89ED8-0B91-4AA2-A6F8-E84D27F3067C}.Release|Any CPU.ActiveCfg = Release|Any CPU
		{EBD89ED8-0B91-4AA2-A6F8-E84D27F3067C}.Release|Any CPU.Build.0 = Release|Any CPU
	EndGlobalSection
	GlobalSection(SolutionProperties) = preSolution
		HideSolutionNode = FALSE
	EndGlobalSection
	GlobalSection(NestedProjects) = preSolution
		{5B3BDD6B-413F-4B40-990F-05CC372D3494} = {7B2CC285-8167-4ACF-8DE9-3065A4B19FDD}
		{4EFB6BAA-3E2C-4FB6-B17B-ED5F8AFD3139} = {01CC477D-DB1B-480B-B149-AFF1CCC70EB6}
		{9DE46707-08A9-43FF-ACE0-A9FFDE5F718F} = {01CC477D-DB1B-480B-B149-AFF1CCC70EB6}
		{27F167F9-A960-4BD1-AB5E-E5E8B24542C5} = {46E778DE-B8EA-48FB-BF65-5EA55FDC5347}
		{2C960833-F8F7-48F4-98FD-4B3F54A8696C} = {4EFB6BAA-3E2C-4FB6-B17B-ED5F8AFD3139}
		{EBD89ED8-0B91-4AA2-A6F8-E84D27F3067C} = {F8C14F17-ADD7-4B22-83EE-F177FEC5E0FA}
	EndGlobalSection
	GlobalSection(ExtensibilityGlobals) = postSolution
		SolutionGuid = {B3D5AACD-C56E-4B17-B399-77380A291EF9}
	EndGlobalSection
EndGlobal
